
Microsoft Visual Studio Solution File, Format Version 12.00
# Visual Studio 15
VisualStudioVersion = 15.0.26124.0
MinimumVisualStudioVersion = 15.0.26124.0
Project("{2150E333-8FDC-42A3-9474-1A3956D46DE8}") = "Cms", "Cms", "{65912775-B08A-4FB7-BD58-D95949F40773}"
EndProject
Project("{FAE04EC0-301F-11D3-BF4B-00C04F79EFBC}") = "Cms", "Cms\Cms\Cms.csproj", "{220DA2C8-FE7D-407D-BF3A-B8EE8FEDF74F}"
EndProject
Project("{FAE04EC0-301F-11D3-BF4B-00C04F79EFBC}") = "Cms.Theme", "Cms\Cms.Theme\Cms.Theme.csproj", "{10264A87-453B-4C32-9D66-D2E93B0668C0}"
EndProject
Global
	GlobalSection(SolutionConfigurationPlatforms) = preSolution
		Debug|Any CPU = Debug|Any CPU
		Debug|x64 = Debug|x64
		Debug|x86 = Debug|x86
		Release|Any CPU = Release|Any CPU
		Release|x64 = Release|x64
		Release|x86 = Release|x86
	EndGlobalSection
	GlobalSection(SolutionProperties) = preSolution
		HideSolutionNode = FALSE
	EndGlobalSection
	GlobalSection(ProjectConfigurationPlatforms) = postSolution
		{220DA2C8-FE7D-407D-BF3A-B8EE8FEDF74F}.Debug|Any CPU.ActiveCfg = Debug|Any CPU
		{220DA2C8-FE7D-407D-BF3A-B8EE8FEDF74F}.Debug|Any CPU.Build.0 = Debug|Any CPU
		{220DA2C8-FE7D-407D-BF3A-B8EE8FEDF74F}.Debug|x64.ActiveCfg = Debug|Any CPU
		{220DA2C8-FE7D-407D-BF3A-B8EE8FEDF74F}.Debug|x64.Build.0 = Debug|Any CPU
		{220DA2C8-FE7D-407D-BF3A-B8EE8FEDF74F}.Debug|x86.ActiveCfg = Debug|Any CPU
		{220DA2C8-FE7D-407D-BF3A-B8EE8FEDF74F}.Debug|x86.Build.0 = Debug|Any CPU
		{220DA2C8-FE7D-407D-BF3A-B8EE8FEDF74F}.Release|Any CPU.ActiveCfg = Release|Any CPU
		{220DA2C8-FE7D-407D-BF3A-B8EE8FEDF74F}.Release|Any CPU.Build.0 = Release|Any CPU
		{220DA2C8-FE7D-407D-BF3A-B8EE8FEDF74F}.Release|x64.ActiveCfg = Release|Any CPU
		{220DA2C8-FE7D-407D-BF3A-B8EE8FEDF74F}.Release|x64.Build.0 = Release|Any CPU
		{220DA2C8-FE7D-407D-BF3A-B8EE8FEDF74F}.Release|x86.ActiveCfg = Release|Any CPU
		{220DA2C8-FE7D-407D-BF3A-B8EE8FEDF74F}.Release|x86.Build.0 = Release|Any CPU
		{10264A87-453B-4C32-9D66-D2E93B0668C0}.Debug|Any CPU.ActiveCfg = Debug|Any CPU
		{10264A87-453B-4C32-9D66-D2E93B0668C0}.Debug|Any CPU.Build.0 = Debug|Any CPU
		{10264A87-453B-4C32-9D66-D2E93B0668C0}.Debug|x64.ActiveCfg = Debug|Any CPU
		{10264A87-453B-4C32-9D66-D2E93B0668C0}.Debug|x64.Build.0 = Debug|Any CPU
		{10264A87-453B-4C32-9D66-D2E93B0668C0}.Debug|x86.ActiveCfg = Debug|Any CPU
		{10264A87-453B-4C32-9D66-D2E93B0668C0}.Debug|x86.Build.0 = Debug|Any CPU
		{10264A87-453B-4C32-9D66-D2E93B0668C0}.Release|Any CPU.ActiveCfg = Release|Any CPU
		{10264A87-453B-4C32-9D66-D2E93B0668C0}.Release|Any CPU.Build.0 = Release|Any CPU
		{10264A87-453B-4C32-9D66-D2E93B0668C0}.Release|x64.ActiveCfg = Release|Any CPU
		{10264A87-453B-4C32-9D66-D2E93B0668C0}.Release|x64.Build.0 = Release|Any CPU
		{10264A87-453B-4C32-9D66-D2E93B0668C0}.Release|x86.ActiveCfg = Release|Any CPU
		{10264A87-453B-4C32-9D66-D2E93B0668C0}.Release|x86.Build.0 = Release|Any CPU
	EndGlobalSection
	GlobalSection(NestedProjects) = preSolution
		{220DA2C8-FE7D-407D-BF3A-B8EE8FEDF74F} = {65912775-B08A-4FB7-BD58-D95949F40773}
		{10264A87-453B-4C32-9D66-D2E93B0668C0} = {65912775-B08A-4FB7-BD58-D95949F40773}
	EndGlobalSection
EndGlobal
