{
  "version": 1,
  "dependencies": {
    ".NETFramework,Version=v4.8": {
      "Lindhart.Analyser.MissingAwaitWarning": {
        "type": "Direct",
        "requested": "[2.0.0, )",
        "resolved": "2.0.0",
        "contentHash": "HpFBjmWLrGO/ysm9/npeReYFKUV8fwDGI09qNazNV7/p4k29VTOrmrHkbZkQFao0tXvl6Zt0cd+VXlcfoGVnoA=="
      },
      "NLog": {
        "type": "Direct",
        "requested": "[5.5.0, )",
        "resolved": "5.5.0",
        "contentHash": "FCH8s7GWlonH5JXV9/EpeNJ8pRZQMVZOSWX3JrHPU8rzdHJhS5+lUGGvJIUOtzkGV1clYBFR0WXOI5FnUwVCMA=="
      },
      "Microsoft.AspNet.WebApi.Client": {
        "type": "Transitive",
        "resolved": "6.0.0",
        "contentHash": "zXeWP03dTo67AoDHUzR+/urck0KFssdCKOC+dq7Nv1V2YbFh/nIg09L0/3wSvyRONEdwxGB/ssEGmPNIIhAcAw==",
        "dependencies": {
          "Newtonsoft.Json": "13.0.1",
          "Newtonsoft.Json.Bson": "1.0.2",
          "System.Memory": "4.5.5",
          "System.Threading.Tasks.Extensions": "4.5.4"
        }
      },
      "MicrosoftWebMvc": {
        "type": "Transitive",
        "resolved": "2.0.0",
        "contentHash": "WHtS0VfGs4f+YYUdd3fJVCrOPyR4xY8a4aGG4vfAXdRqyZ8pzatbwzbH4l+bdo7W5O50j/lO0Vt3relZJQQ8bw==",
        "dependencies": {
          "Mvc2Futures": "2.0.50217"
        }
      },
      "Mvc2Futures": {
        "type": "Transitive",
        "resolved": "2.0.50217",
        "contentHash": "90ilYxgj4s82mfgVegs6NujfBw5zbR49SlIWW/vtjRXu6Trdi9W1xh/LlHu6or47IeBI2AhGKsqnfm7HFCBBlA=="
      },
      "MvcContrib": {
        "type": "Transitive",
        "resolved": "2.0.95",
        "contentHash": "+vqMMmiGbn+rdFBGEo691A3aZr7OHUp3doXghpizilqbIYhZk49bnEI8hoZV4Apm/9tVx9epj1EbgCAK99W3+Q==",
        "dependencies": {
          "MicrosoftWebMvc": "2.0.0"
        }
      },
      "Newtonsoft.Json": {
        "type": "Transitive",
        "resolved": "13.0.3",
        "contentHash": "HrC5BXdl00IP9zeV+0Z848QWPAoCr9P3bDEZguI+gkLcBKAOxix/tLEAAHC+UvDNPv4a2d18lOReHMOagPa+zQ=="
      },
      "Newtonsoft.Json.Bson": {
        "type": "Transitive",
        "resolved": "1.0.2",
        "contentHash": "QYFyxhaABwmq3p/21VrZNYvCg3DaEoN/wUuw5nmfAf0X3HLjgupwhkEWdgfb9nvGAUIv3osmZoD3kKl4jxEmYQ==",
        "dependencies": {
          "Newtonsoft.Json": "12.0.1"
        }
      },
      "System.Buffers": {
        "type": "Transitive",
        "resolved": "4.5.1",
        "contentHash": "Rw7ijyl1qqRS0YQD/WycNst8hUUMgrMH4FCn1nNm27M4VxchZ1js3fVjQaANHO5f3sN4isvP4a+Met9Y4YomAg=="
      },
      "System.Memory": {
        "type": "Transitive",
        "resolved": "4.5.5",
        "contentHash": "XIWiDvKPXaTveaB7HVganDlOCRoj03l+jrwNvcge/t8vhGYKvqV+dMv6G4SAX2NoNmN0wZfVPTAlFwZcZvVOUw==",
        "dependencies": {
          "System.Buffers": "4.5.1",
          "System.Numerics.Vectors": "4.5.0",
          "System.Runtime.CompilerServices.Unsafe": "4.5.3"
        }
      },
      "System.Numerics.Vectors": {
        "type": "Transitive",
        "resolved": "4.5.0",
        "contentHash": "QQTlPTl06J/iiDbJCiepZ4H//BVraReU4O4EoRw1U02H5TLUIT7xn3GnDp9AXPSlJUDyFs4uWjWafNX6WrAojQ=="
      },
      "System.Runtime.CompilerServices.Unsafe": {
        "type": "Transitive",
        "resolved": "4.5.3",
        "contentHash": "3TIsJhD1EiiT0w2CcDMN/iSSwnNnsrnbzeVHSKkaEgV85txMprmuO+Yq2AdSbeVGcg28pdNDTPK87tJhX7VFHw=="
      },
      "System.Threading.Tasks.Extensions": {
        "type": "Transitive",
        "resolved": "4.5.4",
        "contentHash": "zteT+G8xuGu6mS+mzDzYXbzS7rd3K6Fjb9RiZlYlJPam2/hU7JCBZBVEcywNuR+oZ1ncTvc/cq0faRr3P01OVg==",
        "dependencies": {
          "System.Runtime.CompilerServices.Unsafe": "4.5.3"
        }
      },
      "snittlistan.queue": {
        "type": "Project",
        "dependencies": {
          "Lindhart.Analyser.MissingAwaitWarning": "[2.0.0, )",
          "Microsoft.AspNet.WebApi.Client": "[6.0.0, )",
          "MvcContrib": "[2.0.95, )",
          "NLog": "[5.5.0, )",
          "Newtonsoft.Json": "[13.0.3, )"
        }
      }
    }
  }
}