{
  "version": 1,
  "dependencies": {
    ".NETFramework,Version=v4.8": {
      "Ben.Demystifier": {
        "type": "Direct",
        "requested": "[0.4.1, )",
        "resolved": "0.4.1",
        "contentHash": "axFeEMfmEORy3ipAzOXG/lE+KcNptRbei3F0C4kQCdeiQtW+qJW90K5iIovITGrdLt8AjhNCwk5qLSX9/rFpoA==",
        "dependencies": {
          "System.Reflection.Metadata": "5.0.0",
          "System.Threading.Tasks.Extensions": "4.5.4"
        }
      },
      "Castle.Core": {
        "type": "Direct",
        "requested": "[5.2.1, )",
        "resolved": "5.2.1",
        "contentHash": "wHARzQA695jwwKreOzNsq54KiGqKP38tv8hi8e2FXDEC/sA6BtrX90tVPDkOfVu13PbEzr00TCV8coikl+D1Iw=="
      },
      "Castle.Windsor": {
        "type": "Direct",
        "requested": "[6.0.0, )",
        "resolved": "6.0.0",
        "contentHash": "yvKY5DXpqWEp7a5Xar9hihAcgVVzBftLqvf/Fo6xd10jAsZUpaAE5WwkuhiiYSA/yVaPzul8rRCvmYLkqh2Hkw==",
        "dependencies": {
          "Castle.Core": "[5.1.0, 6.0.0)"
        }
      },
      "Lindhart.Analyser.MissingAwaitWarning": {
        "type": "Direct",
        "requested": "[2.0.0, )",
        "resolved": "2.0.0",
        "contentHash": "HpFBjmWLrGO/ysm9/npeReYFKUV8fwDGI09qNazNV7/p4k29VTOrmrHkbZkQFao0tXvl6Zt0cd+VXlcfoGVnoA=="
      },
      "Microsoft.AspNet.Mvc": {
        "type": "Direct",
        "requested": "[5.3.0, )",
        "resolved": "5.3.0",
        "contentHash": "Q1LcXRqTPmbXJAdf45PsxI6JYnCQP4vBfPCgDFd4dYf8ojxFTo4PH333PC4TzbOqRHxrUWGwgBdcR5T2jNwpHQ==",
        "dependencies": {
          "Microsoft.AspNet.Razor": "3.3.0",
          "Microsoft.AspNet.WebPages": "3.3.0"
        }
      },
      "Microsoft.AspNet.WebApi.Client": {
        "type": "Direct",
        "requested": "[6.0.0, )",
        "resolved": "6.0.0",
        "contentHash": "zXeWP03dTo67AoDHUzR+/urck0KFssdCKOC+dq7Nv1V2YbFh/nIg09L0/3wSvyRONEdwxGB/ssEGmPNIIhAcAw==",
        "dependencies": {
          "Newtonsoft.Json": "13.0.1",
          "Newtonsoft.Json.Bson": "1.0.2",
          "System.Memory": "4.5.5",
          "System.Threading.Tasks.Extensions": "4.5.4"
        }
      },
      "Microsoft.AspNet.WebApi.Core": {
        "type": "Direct",
        "requested": "[5.3.0, )",
        "resolved": "5.3.0",
        "contentHash": "h0oLsUFPgoB1R+6ichy1bniAs4oC6w6XrPsEgn+LuQBxBGskN0djSOSX7hzL8LTFEZUTdsh/3ShjRu1Mb2QRfw==",
        "dependencies": {
          "Microsoft.AspNet.WebApi.Client": "6.0.0"
        }
      },
      "Microsoft.Net.Http": {
        "type": "Direct",
        "requested": "[2.2.29, )",
        "resolved": "2.2.29",
        "contentHash": "fc4CPEewJ30Xgal+fSq1lYIBt582A7eKlAL7O4HXiYAiTp2VTnA4osSvk7T2n8aS4xTCPVJusQk3yKLT0XSpkg==",
        "dependencies": {
          "Microsoft.Bcl": "1.1.10",
          "Microsoft.Bcl.Build": "1.0.14"
        }
      },
      "Moq": {
        "type": "Direct",
        "requested": "[4.20.72, )",
        "resolved": "4.20.72",
        "contentHash": "EA55cjyNn8eTNWrgrdZJH5QLFp2L43oxl1tlkoYUKIE9pRwL784OWiTXeCV5ApS+AMYEAlt7Fo03A2XfouvHmQ==",
        "dependencies": {
          "Castle.Core": "5.1.1",
          "System.Threading.Tasks.Extensions": "4.5.4"
        }
      },
      "Newtonsoft.Json": {
        "type": "Direct",
        "requested": "[13.0.4, )",
        "resolved": "13.0.4",
        "contentHash": "pdgNNMai3zv51W5aq268sujXUyx7SNdE2bj1wZcWjAQrKMFZV260lbqYop1d2GM67JI1huLRwxo9ZqnfF/lC6A=="
      },
      "NLog": {
        "type": "Direct",
        "requested": "[6.0.7, )",
        "resolved": "6.0.7",
        "contentHash": "16kwDY6+/TCBToyXekpcl5mxprUWuXqltdOK26w44E0rTQTiRCjXv1VVLDtSbgMCR1RirVvr+V/9T+76cwuqnw=="
      },
      "NUnit": {
        "type": "Direct",
        "requested": "[4.4.0, )",
        "resolved": "4.4.0",
        "contentHash": "7IWJcT9xWNhG9dEGdgAWdH6maCE0eVbeVnizvXACKbAyxbjoJ9+WaEb8qsCTJi3hsb18AJBtoqvWa3G7YYUQfw==",
        "dependencies": {
          "System.Threading.Tasks.Extensions": "4.5.4",
          "System.ValueTuple": "4.5.0"
        }
      },
      "NUnit.ConsoleRunner": {
        "type": "Direct",
        "requested": "[3.21.1, )",
        "resolved": "3.21.1",
        "contentHash": "twx9bxGuFrIg9xd4kpwtRIuRmELIou1c63Hh1v635GnpQz5K/aiU/Pgv+lBBoIzq+X6SEN0TC721CAk039MXug=="
      },
      "NUnit3TestAdapter": {
        "type": "Direct",
        "requested": "[6.0.1, )",
        "resolved": "6.0.1",
        "contentHash": "Fo++epLBWvuk7sOXbfglSGGI5+asxMr5v+cBxlEqd64YISeZiQO6W+QEkN3Ld6r0pGGuXWozzauLFqE4jPimUA==",
        "dependencies": {
          "Microsoft.Testing.Extensions.VSTestBridge": "2.0.2",
          "Microsoft.Testing.Platform.MSBuild": "2.0.2"
        }
      },
      "AsyncFriendlyStackTrace": {
        "type": "Transitive",
        "resolved": "1.7.0",
        "contentHash": "/LRjk3OETnG1yxLnOkg4Bh5OKi89vfjiXji57MZhjfSSc+1usM09zbiMCpiAbdP7XBJy/WiPHsV72wFKIgboag=="
      },
      "Castle.Core-NLog": {
        "type": "Transitive",
        "resolved": "5.2.1",
        "contentHash": "plSlTf2i6LgJQAFQbqGadn3t//GRJilSJKUwjnn/WUE8pJ56gTFqy+lk91CkahGTCqJ9rymeX9cHtRWnH+DDeg==",
        "dependencies": {
          "Castle.Core": "[5.2.1]",
          "NLog": "4.5.0"
        }
      },
      "Castle.Facilities.AspNet.SystemWeb": {
        "type": "Transitive",
        "resolved": "6.0.0",
        "contentHash": "M2mLlbdeEiiosmPVn2U1jRlgdqg3LLhkLTo73QglSnom/u+elviCNIdYbolI9NXIsfBE/mnXYrd+DEOX+fzGFA==",
        "dependencies": {
          "Castle.Windsor": "[6.0.0]",
          "Microsoft.Web.Infrastructure": "1.0.0"
        }
      },
      "Castle.LoggingFacility": {
        "type": "Transitive",
        "resolved": "6.0.0",
        "contentHash": "+qW9OcUr2h7aw5UPbzuWtnS9UxUtBbwMCEU0zhmupuAjH4S1Ny2UW5mPSolabJcIdKx5c46eiiaPwDZn/ou3bA==",
        "dependencies": {
          "Castle.Windsor": "[6.0.0]"
        }
      },
      "elmah.corelibrary": {
        "type": "Transitive",
        "resolved": "1.2.0",
        "contentHash": "67j0s7bQTGlvW8Ab97O8JFh2JgtdiiJEZ8O3PG7DPoUK9wx0ycshJ9Hf+BiZSF41hsvtdfGwKuQfvY/E/Kdtig=="
      },
      "Elmah.Mvc": {
        "type": "Transitive",
        "resolved": "2.1.2",
        "contentHash": "GUgdgrnoPOplQGaE4OAKex0Qb4cXHwjSiDXSNK+RyIUZdHhC6PHs4V/t1YJFFQ5cVi6AB+FK4IaVCvc6NpiDuw==",
        "dependencies": {
          "elmah.corelibrary": "1.2.0"
        }
      },
      "EntityFramework": {
        "type": "Transitive",
        "resolved": "6.4.0",
        "contentHash": "7jDmcQ3jaN5G7ZJC7Ecq161zQBs/5LqRzBdZ/I4XfmSvOwteGgNjOi30kthFador4Qjo3qUU6iOB1H04GIXrpg=="
      },
      "EntityFramework6.Npgsql": {
        "type": "Transitive",
        "resolved": "6.4.3",
        "contentHash": "iZnc+FlaBaK97zGHR0KS0bnwKQ2gWPpaOoSYNHfjLZ4lr4UEPRFQnh/bpW9Q50ZbNNbDRCs+W12QyVn+sKsSwA==",
        "dependencies": {
          "EntityFramework": "6.4.0",
          "Npgsql": "4.1.3"
        }
      },
      "Lambda2Js.Signed": {
        "type": "Transitive",
        "resolved": "3.1.4",
        "contentHash": "Ryzu7T7ZzjQxTGxCSInAe0ZO3gbskW09qizdnrTUbZeNOyJzbdcQ39ylj4mJEYFeOUO1DQ1RqtBhQdiaMTSC6g=="
      },
      "Microsoft.ApplicationInsights": {
        "type": "Transitive",
        "resolved": "2.23.0",
        "contentHash": "nWArUZTdU7iqZLycLKWe0TDms48KKGE6pONH2terYNa8REXiqixrMOkf1sk5DHGMaUTqONU2YkS4SAXBhLStgw==",
        "dependencies": {
          "System.Diagnostics.DiagnosticSource": "5.0.0"
        }
      },
      "Microsoft.AspNet.Razor": {
        "type": "Transitive",
        "resolved": "3.3.0",
        "contentHash": "5vJ0UKE/n381qcaKwFHxCwzb/YVuHzrm155iTgQhiv7+xdg2PE+54u+NPqu6C9AeRVOiwbh8/EOZwD16bLvWkg=="
      },
      "Microsoft.AspNet.WebApi": {
        "type": "Transitive",
        "resolved": "5.3.0",
        "contentHash": "KDk0HCAkz+bB/pmk+tHS/NDpoYvdj8VeetdaDv7kKX/c4+XbuGQsDzOeBhgWjeeqgxybPuHURteius0ZYVcSFA==",
        "dependencies": {
          "Microsoft.AspNet.WebApi.WebHost": "5.3.0"
        }
      },
      "Microsoft.AspNet.WebApi.WebHost": {
        "type": "Transitive",
        "resolved": "5.3.0",
        "contentHash": "8eE0saCz7qWVwEBd/1vwycROmD8+UTbnw9aJmBAMVbn/Sh8lTDvDMOHt2NjrdmsZTLXELhAIbXg3Ffhy2u63mA==",
        "dependencies": {
          "Microsoft.AspNet.WebApi.Core": "5.3.0"
        }
      },
      "Microsoft.AspNet.WebPages": {
        "type": "Transitive",
        "resolved": "3.3.0",
        "contentHash": "2ATJrA8KNx2EpBWNjwy4P+NjQ06cZWjYsTZ5NqGNIHaU/i3NKmtpoaE90NGmVRaKF5rryGfADnvPQ56f61OuWg==",
        "dependencies": {
          "Microsoft.AspNet.Razor": "3.3.0",
          "Microsoft.Web.Infrastructure": "1.0.0"
        }
      },
      "Microsoft.AspNetCore.JsonPatch": {
        "type": "Transitive",
        "resolved": "8.0.21",
        "contentHash": "OCky+q8QKEHnaslT4kMHohziP2hSw2IP8/LTK9F0xpC9ORmauzVAWPZf6jWCj8LGA4TBUvOXZF+OxkYQLuteFA==",
        "dependencies": {
          "Microsoft.CSharp": "4.7.0",
          "Newtonsoft.Json": "13.0.3"
        }
      },
      "Microsoft.Bcl": {
        "type": "Transitive",
        "resolved": "1.1.10",
        "contentHash": "+tTqoh/M1pyL8El3qLy30EcwnAtyvFoDZJtdG9Cbg/WdFbh4N8kyrq198XHuEL7lnJbeD0DRO8jcX5IIOh05cQ==",
        "dependencies": {
          "Microsoft.Bcl.Build": "1.0.14"
        }
      },
      "Microsoft.Bcl.AsyncInterfaces": {
        "type": "Transitive",
        "resolved": "9.0.10",
        "contentHash": "iUfw06CsVKAliec4ML6Q91ozbQ8SKbiraIiQegECAPeMY8cGGagIbyZ9+PBtTJ0hx1//qpRqdXDkt51SDQ6k+Q==",
        "dependencies": {
          "System.Threading.Tasks.Extensions": "4.5.4"
        }
      },
      "Microsoft.Bcl.Build": {
        "type": "Transitive",
        "resolved": "1.0.14",
        "contentHash": "cDLKSvNvRa519hplsbSoYqO69TjdDIhfjtKUM0g20/nVROoWsGav9KCI9HtnGjLmdV1+TcUUDhbotcllibjPEA=="
      },
      "Microsoft.Bcl.HashCode": {
        "type": "Transitive",
        "resolved": "6.0.0",
        "contentHash": "GI4jcoi6eC9ZhNOQylIBaWOQjyGaR8T6N3tC1u8p3EXfndLCVNNWa+Zp+ocjvvS3kNBN09Zma2HXL0ezO0dRfw=="
      },
      "Microsoft.CodeDom.Providers.DotNetCompilerPlatform": {
        "type": "Transitive",
        "resolved": "4.1.0",
        "contentHash": "o34xN9ugrjXCj45UuZhKjHzuxWCdrlWdqhzhVJ6J7a67djTFD6k+1WBm8Hz7Dbi+KQm98eUmlKEg3DsF1uqZow=="
      },
      "Microsoft.CSharp": {
        "type": "Transitive",
        "resolved": "4.7.0",
        "contentHash": "pTj+D3uJWyN3My70i2Hqo+OXixq3Os2D1nJ2x92FFo6sk8fYS1m1WLNTs0Dc1uPaViH0YvEEwvzddQ7y4rhXmA=="
      },
      "Microsoft.Extensions.DependencyInjection": {
        "type": "Transitive",
        "resolved": "8.0.1",
        "contentHash": "BmANAnR5Xd4Oqw7yQ75xOAYODybZQRzdeNucg7kS5wWKd2PNnMdYtJ2Vciy0QLylRmv42DGl5+AFL9izA6F1Rw==",
        "dependencies": {
          "Microsoft.Bcl.AsyncInterfaces": "8.0.0",
          "Microsoft.Extensions.DependencyInjection.Abstractions": "8.0.2",
          "System.Threading.Tasks.Extensions": "4.5.4"
        }
      },
      "Microsoft.Extensions.DependencyInjection.Abstractions": {
        "type": "Transitive",
        "resolved": "8.0.2",
        "contentHash": "3iE7UF7MQkCv1cxzCahz+Y/guQbTqieyxyaWKhrRO91itI9cOKO76OHeQDahqG4MmW5umr3CcCvGmK92lWNlbg==",
        "dependencies": {
          "Microsoft.Bcl.AsyncInterfaces": "8.0.0",
          "System.Threading.Tasks.Extensions": "4.5.4"
        }
      },
      "Microsoft.Extensions.Logging": {
        "type": "Transitive",
        "resolved": "8.0.1",
        "contentHash": "4x+pzsQEbqxhNf1QYRr5TDkLP9UsLT3A6MdRKDDEgrW7h1ljiEPgTNhKYUhNCCAaVpQECVQ+onA91PTPnIp6Lw==",
        "dependencies": {
          "Microsoft.Bcl.AsyncInterfaces": "8.0.0",
          "Microsoft.Extensions.DependencyInjection": "8.0.1",
          "Microsoft.Extensions.Logging.Abstractions": "8.0.2",
          "Microsoft.Extensions.Options": "8.0.2",
          "System.Diagnostics.DiagnosticSource": "8.0.1",
          "System.ValueTuple": "4.5.0"
        }
      },
      "Microsoft.Extensions.Logging.Abstractions": {
        "type": "Transitive",
        "resolved": "8.0.2",
        "contentHash": "nroMDjS7hNBPtkZqVBbSiQaQjWRDxITI8Y7XnDs97rqG3EbzVTNLZQf7bIeUJcaHOV8bca47s1Uxq94+2oGdxA==",
        "dependencies": {
          "Microsoft.Extensions.DependencyInjection.Abstractions": "8.0.2",
          "System.Buffers": "4.5.1",
          "System.Diagnostics.DiagnosticSource": "8.0.1",
          "System.Memory": "4.5.5"
        }
      },
      "Microsoft.Extensions.Options": {
        "type": "Transitive",
        "resolved": "8.0.2",
        "contentHash": "dWGKvhFybsaZpGmzkGCbNNwBD1rVlWzrZKANLW/CcbFJpCEceMCGzT7zZwHOGBCbwM0SzBuceMj5HN1LKV1QqA==",
        "dependencies": {
          "Microsoft.Extensions.DependencyInjection.Abstractions": "8.0.0",
          "Microsoft.Extensions.Primitives": "8.0.0",
          "System.ValueTuple": "4.5.0"
        }
      },
      "Microsoft.Extensions.Primitives": {
        "type": "Transitive",
        "resolved": "8.0.0",
        "contentHash": "bXJEZrW9ny8vjMF1JV253WeLhpEVzFo1lyaZu1vQ4ZxWUlVvknZ/+ftFgVheLubb4eZPSwwxBeqS1JkCOjxd8g==",
        "dependencies": {
          "System.Memory": "4.5.5",
          "System.Runtime.CompilerServices.Unsafe": "6.0.0"
        }
      },
      "Microsoft.IO.RecyclableMemoryStream": {
        "type": "Transitive",
        "resolved": "3.0.1",
        "contentHash": "s/s20YTVY9r9TPfTrN5g8zPF1YhwxyqO6PxUkrYTGI2B+OGPe9AdajWZrLhFqXIvqIW23fnUE4+ztrUWNU1+9g==",
        "dependencies": {
          "System.Memory": "4.5.5"
        }
      },
      "Microsoft.Testing.Extensions.Telemetry": {
        "type": "Transitive",
        "resolved": "2.0.2",
        "contentHash": "H580BvHyuADoWzlH9zRk5fqVyGucm6mhph+k40CQc9O4ie+Buxa4Pk9Q92BEClqIICqi25J7fuMII9qFYYgKtw==",
        "dependencies": {
          "Microsoft.ApplicationInsights": "2.23.0",
          "Microsoft.Testing.Platform": "2.0.2",
          "System.Diagnostics.DiagnosticSource": "6.0.0"
        }
      },
      "Microsoft.Testing.Extensions.TrxReport.Abstractions": {
        "type": "Transitive",
        "resolved": "2.0.2",
        "contentHash": "MrHYdPZ1CiyYp5bfjzNSghfVwl/I9osMazcZMAbwZY0BhR32i70YLf4zSXECvU2qt2PvDdrjYpGRgBscFbjDpw==",
        "dependencies": {
          "Microsoft.Testing.Platform": "2.0.2"
        }
      },
      "Microsoft.Testing.Extensions.VSTestBridge": {
        "type": "Transitive",
        "resolved": "2.0.2",
        "contentHash": "6WSUZyv71NmF1bhFWpNht2bskVWL/5Lcu9qxDUnnboYRiujh9w4swn/cPSbVCSGXwyMq9uKRlI9zZ+ReBO8e+Q==",
        "dependencies": {
          "Microsoft.TestPlatform.AdapterUtilities": "18.0.1",
          "Microsoft.TestPlatform.ObjectModel": "18.0.1",
          "Microsoft.Testing.Extensions.Telemetry": "2.0.2",
          "Microsoft.Testing.Extensions.TrxReport.Abstractions": "2.0.2",
          "Microsoft.Testing.Platform": "2.0.2"
        }
      },
      "Microsoft.Testing.Platform": {
        "type": "Transitive",
        "resolved": "2.0.2",
        "contentHash": "43NCOTEENtdc9fmlzX9KHQR14AZEYek5r4jOJlWPhTyV1+aYAQYl4x773nYXU5TKxV6+rMuniJ7wcj9C9qrP1A=="
      },
      "Microsoft.Testing.Platform.MSBuild": {
        "type": "Transitive",
        "resolved": "2.0.2",
        "contentHash": "2zKkQKaUoaKgb/3AekboWOdLMh4upCo1nLWQnjGzp8r9YjiNOZRrzTsJQ3A4U03AcbH0evlIvFDKYSUqmTVuug==",
        "dependencies": {
          "Microsoft.Testing.Platform": "2.0.2"
        }
      },
      "Microsoft.TestPlatform.AdapterUtilities": {
        "type": "Transitive",
        "resolved": "18.0.1",
        "contentHash": "gXIugDKnACB8p93+9dFnMdE7vvs0ZrjjDltdGC4VylbKK7gPegWYASGjryVkIDvFr56Ulx4UDIKsB71qYHJBWg=="
      },
      "Microsoft.TestPlatform.ObjectModel": {
        "type": "Transitive",
        "resolved": "18.0.1",
        "contentHash": "qT/mwMcLF9BieRkzOBPL2qCopl8hQu6A1P7JWAoj/FMu5i9vds/7cjbJ/LLtaiwWevWLAeD5v5wjQJ/l6jvhWQ==",
        "dependencies": {
          "System.Reflection.Metadata": "8.0.0"
        }
      },
      "Microsoft.Web.Infrastructure": {
        "type": "Transitive",
        "resolved": "2.0.0",
        "contentHash": "NA6F00drSYd4HZk7QcyMRz1EEdZQQpcdnt6DfNiurNcUNsmmRDpz9db2Bc3L3Lgo455BOSwNDuNjbhDLltKGKQ=="
      },
      "MicrosoftWebMvc": {
        "type": "Transitive",
        "resolved": "2.0.0",
        "contentHash": "WHtS0VfGs4f+YYUdd3fJVCrOPyR4xY8a4aGG4vfAXdRqyZ8pzatbwzbH4l+bdo7W5O50j/lO0Vt3relZJQQ8bw==",
        "dependencies": {
          "Mvc2Futures": "2.0.50217"
        }
      },
      "Mvc2Futures": {
        "type": "Transitive",
        "resolved": "2.0.50217",
        "contentHash": "90ilYxgj4s82mfgVegs6NujfBw5zbR49SlIWW/vtjRXu6Trdi9W1xh/LlHu6or47IeBI2AhGKsqnfm7HFCBBlA=="
      },
      "Mvc3Futures": {
        "type": "Transitive",
        "resolved": "3.0.20105",
        "contentHash": "0xSk2mTvChv4tJCI/o9Vy81xAyWctrF2t83NXTBxLKAC317vhYrwAN+SrpRWFI1dHzXziuh34eltDL1V7CjfRA=="
      },
      "MvcContrib": {
        "type": "Transitive",
        "resolved": "2.0.95",
        "contentHash": "+vqMMmiGbn+rdFBGEo691A3aZr7OHUp3doXghpizilqbIYhZk49bnEI8hoZV4Apm/9tVx9epj1EbgCAK99W3+Q==",
        "dependencies": {
          "MicrosoftWebMvc": "2.0.0"
        }
      },
      "Newtonsoft.Json.Bson": {
        "type": "Transitive",
        "resolved": "1.0.2",
        "contentHash": "QYFyxhaABwmq3p/21VrZNYvCg3DaEoN/wUuw5nmfAf0X3HLjgupwhkEWdgfb9nvGAUIv3osmZoD3kKl4jxEmYQ==",
        "dependencies": {
          "Newtonsoft.Json": "12.0.1"
        }
      },
      "Nito.AsyncEx.Coordination": {
        "type": "Transitive",
        "resolved": "5.1.2",
        "contentHash": "QMyUfsaxov//0ZMbOHWr9hJaBFteZd66DV1ay4J5wRODDb8+K/uHC7+3VsOflo6SVw/29mu8OWZp8vMDSuzc0w==",
        "dependencies": {
          "Nito.AsyncEx.Tasks": "5.1.2",
          "Nito.Collections.Deque": "1.1.1"
        }
      },
      "Nito.AsyncEx.Tasks": {
        "type": "Transitive",
        "resolved": "5.1.2",
        "contentHash": "jEkCfR2/M26OK/U4G7SEN063EU/F4LiVA06TtpZILMdX/quIHCg+wn31Zerl2LC+u1cyFancjTY3cNAr2/89PA==",
        "dependencies": {
          "Nito.Disposables": "2.2.1"
        }
      },
      "Nito.Collections.Deque": {
        "type": "Transitive",
        "resolved": "1.1.1",
        "contentHash": "CU0/Iuv5VDynK8I8pDLwkgF0rZhbQoZahtodfL0M3x2gFkpBRApKs8RyMyNlAi1mwExE4gsmqQXk4aFVvW9a4Q=="
      },
      "Nito.Disposables": {
        "type": "Transitive",
        "resolved": "2.2.1",
        "contentHash": "6sZ5uynQeAE9dPWBQGKebNmxbY4xsvcc5VplB5WkYEESUS7oy4AwnFp0FhqxTSKm/PaFrFqLrYr696CYN8cugg==",
        "dependencies": {
          "System.Collections.Immutable": "1.7.1"
        }
      },
      "Npgsql": {
        "type": "Transitive",
        "resolved": "4.1.3",
        "contentHash": "sWTXCb6WPPO7WEw4+1XoRqE49EdWmuyMA15LVbzV6jZgRxYWK8TbdniWMjguzmAgOZVYTmrCf+jsqPYoSqACvA==",
        "dependencies": {
          "System.Memory": "4.5.3",
          "System.Runtime.CompilerServices.Unsafe": "4.6.0",
          "System.Text.Json": "4.6.0",
          "System.Threading.Tasks.Extensions": "4.5.3",
          "System.ValueTuple": "4.5.0"
        }
      },
      "PDFsharp": {
        "type": "Transitive",
        "resolved": "6.2.3",
        "contentHash": "ksDMxCoiEMuQLOCVI1tJwMl0xfx51NOhftxfmAuyH7ugHf4GbsrWYD/9LCfO3ofptsewjyUFIJcs4+1eB7BzJg==",
        "dependencies": {
          "Microsoft.Extensions.Logging": "8.0.1",
          "System.Security.Cryptography.Pkcs": "8.0.1"
        }
      },
      "Postal.Mvc5": {
        "type": "Transitive",
        "resolved": "1.2.0",
        "contentHash": "le4HMYmokyyVHOlnRoqKhkO/oCr+3wmO4nDdve59EXREkNagkaIy7jsNs5aSDHV3obT/hS8X7SJLHBzt8hAAMg==",
        "dependencies": {
          "Microsoft.AspNet.Mvc": "5.1.2",
          "RazorEngine": "3.4.1"
        }
      },
      "RavenDB.Client": {
        "type": "Transitive",
        "resolved": "7.1.4",
        "contentHash": "XDuIwpZxB3ntEZrjVha9US7l0KExpt2+l+2TG8ociGyDqKU1yMbyHzC+k4Jfji9YmtOgnVdlUBsgqejKZDBdmg==",
        "dependencies": {
          "Lambda2Js.Signed": "3.1.4",
          "Microsoft.AspNetCore.JsonPatch": "8.0.21",
          "Microsoft.Bcl.AsyncInterfaces": "9.0.10",
          "Microsoft.Bcl.HashCode": "6.0.0",
          "Microsoft.CSharp": "4.7.0",
          "Microsoft.IO.RecyclableMemoryStream": "3.0.1",
          "Newtonsoft.Json": "13.0.3",
          "Nito.AsyncEx.Coordination": "5.1.2",
          "System.Buffers": "4.6.1",
          "System.Collections.Immutable": "9.0.10",
          "System.Memory": "4.6.3",
          "System.Runtime.CompilerServices.Unsafe": "6.1.2",
          "System.Threading.Tasks.Extensions": "4.6.3"
        }
      },
      "RavenDB.Database": {
        "type": "Transitive",
        "resolved": "3.5.9",
        "contentHash": "lfO3aRYbeh1ITNYM+OOXs9F0144PnSHCIG+0ki7ZLuapaRdM8qw8Y3Szdpbz1FH4Gqvr67keCdxSeKH+X4Um3w==",
        "dependencies": {
          "RavenDB.Client": "[3.5.9]"
        }
      },
      "RavenDB.Embedded": {
        "type": "Transitive",
        "resolved": "7.1.5",
        "contentHash": "sbTi9tYBootEC2HYXHKyaiLU93gIULfUjP9zgBL3MWcilQluGOb3hFo0ZFTca5q1Ib2aDZDD1j3c2cuusJpGmQ==",
        "dependencies": {
          "RavenDB.Client": "7.1.5"
        }
      },
      "RazorEngine": {
        "type": "Transitive",
        "resolved": "3.4.1",
        "contentHash": "9e/X1RPpru2ipBXE5K90XFLyeB29hWMS0hU73WoTx1T3+JhxU6RgViJqLx76roPZPNVWOVp6qGUclsP30TjFWw==",
        "dependencies": {
          "Microsoft.AspNet.Razor": "3.0.0"
        }
      },
      "RazorGenerator.Mvc": {
        "type": "Transitive",
        "resolved": "2.4.9",
        "contentHash": "RlCzv0B5Crt1WlQQq8l0RPUa/5onncrbCndNsEi8wd5nXtJEssTHI/dToFEC/SwHKYiwzGP22UXTjE7GCWqejw==",
        "dependencies": {
          "Microsoft.AspNet.Mvc": "3.0.50813.1",
          "WebActivatorEx": "2.0.3"
        }
      },
      "Rotativa": {
        "type": "Transitive",
        "resolved": "1.7.4-rc",
        "contentHash": "+jyhCFD/lXbI140O9GgMKk/3D9iEUyBuNnGl91XLpMoiJycJypCDGArH2u3f8zteNLNjmI7/xRGza22L3xpbrw==",
        "dependencies": {
          "Microsoft.AspNet.Mvc": "5.2.3"
        }
      },
      "System.Buffers": {
        "type": "Transitive",
        "resolved": "4.6.1",
        "contentHash": "N8GXpmiLMtljq7gwvyS+1QvKT/W2J8sNAvx+HVg4NGmsG/H+2k/y9QI23auLJRterrzCiDH+IWAw4V/GPwsMlw=="
      },
      "System.Collections.Immutable": {
        "type": "Transitive",
        "resolved": "9.0.10",
        "contentHash": "2FkVxKnJVqFtv5zGKSEu2FPqbOScpxw+CvgV0C2MYtXPrT1ZcylAdYlTj3S64iRDV7HGykvagoadUUhZN1/eQg==",
        "dependencies": {
          "System.Memory": "4.5.5",
          "System.Runtime.CompilerServices.Unsafe": "6.0.0"
        }
      },
      "System.Diagnostics.DiagnosticSource": {
        "type": "Transitive",
        "resolved": "8.0.1",
        "contentHash": "vaoWjvkG1aenR2XdjaVivlCV9fADfgyhW5bZtXT23qaEea0lWiUljdQuze4E31vKM7ZWJaSUsbYIKE3rnzfZUg==",
        "dependencies": {
          "System.Memory": "4.5.5",
          "System.Runtime.CompilerServices.Unsafe": "6.0.0"
        }
      },
      "System.Memory": {
        "type": "Transitive",
        "resolved": "4.6.3",
        "contentHash": "qdcDOgnFZY40+Q9876JUHnlHu7bosOHX8XISRoH94fwk6hgaeQGSgfZd8srWRZNt5bV9ZW2TljcegDNxsf+96A==",
        "dependencies": {
          "System.Buffers": "4.6.1",
          "System.Numerics.Vectors": "4.6.1",
          "System.Runtime.CompilerServices.Unsafe": "6.1.2"
        }
      },
      "System.Numerics.Vectors": {
        "type": "Transitive",
        "resolved": "4.6.1",
        "contentHash": "sQxefTnhagrhoq2ReR0D/6K0zJcr9Hrd6kikeXsA1I8kOCboTavcUC4r7TSfpKFeE163uMuxZcyfO1mGO3EN8Q=="
      },
      "System.Reflection.Metadata": {
        "type": "Transitive",
        "resolved": "8.0.0",
        "contentHash": "ptvgrFh7PvWI8bcVqG5rsA/weWM09EnthFHR5SCnS6IN+P4mj6rE1lBDC4U8HL9/57htKAqy4KQ3bBj84cfYyQ==",
        "dependencies": {
          "System.Collections.Immutable": "8.0.0",
          "System.Memory": "4.5.5"
        }
      },
      "System.Runtime.CompilerServices.Unsafe": {
        "type": "Transitive",
        "resolved": "6.1.2",
        "contentHash": "2hBr6zdbIBTDE3EhK7NSVNdX58uTK6iHW/P/Axmm9sl1xoGSLqDvMtpecn226TNwHByFokYwJmt/aQQNlO5CRw=="
      },
      "System.Security.Cryptography.Pkcs": {
        "type": "Transitive",
        "resolved": "8.0.1",
        "contentHash": "CoCRHFym33aUSf/NtWSVSZa99dkd0Hm7OCZUxORBjRB16LNhIEOf8THPqzIYlvKM0nNDAPTRBa1FxEECrgaxxA=="
      },
      "System.Text.Encodings.Web": {
        "type": "Transitive",
        "resolved": "4.6.0",
        "contentHash": "BXgFO8Yi7ao7hVA/nklD0Hre1Bbce048ZqryGZVFifGNPuh+2jqF1i/jLJLMfFGZIzUOw+nCIeH24SQhghDSPw==",
        "dependencies": {
          "System.Memory": "4.5.3"
        }
      },
      "System.Text.Json": {
        "type": "Transitive",
        "resolved": "4.6.0",
        "contentHash": "4F8Xe+JIkVoDJ8hDAZ7HqLkjctN/6WItJIzQaifBwClC7wmoLSda/Sv2i6i1kycqDb3hWF4JCVbpAweyOKHEUA==",
        "dependencies": {
          "Microsoft.Bcl.AsyncInterfaces": "1.0.0",
          "System.Buffers": "4.5.0",
          "System.Memory": "4.5.3",
          "System.Numerics.Vectors": "4.5.0",
          "System.Runtime.CompilerServices.Unsafe": "4.6.0",
          "System.Text.Encodings.Web": "4.6.0",
          "System.Threading.Tasks.Extensions": "4.5.2",
          "System.ValueTuple": "4.5.0"
        }
      },
      "System.Threading.Tasks.Extensions": {
        "type": "Transitive",
        "resolved": "4.6.3",
        "contentHash": "7sCiwilJLYbTZELaKnc7RecBBXWXA+xMLQWZKWawBxYjp6DBlSE3v9/UcvKBvr1vv2tTOhipiogM8rRmxlhrVA==",
        "dependencies": {
          "System.Runtime.CompilerServices.Unsafe": "6.1.2"
        }
      },
      "System.ValueTuple": {
        "type": "Transitive",
        "resolved": "4.5.0",
        "contentHash": "okurQJO6NRE/apDIP23ajJ0hpiNmJ+f0BwOlB/cSqTLQlw5upkf+5+96+iG2Jw40G1fCVCyPz/FhIABUjMR+RQ=="
      },
      "WebActivatorEx": {
        "type": "Transitive",
        "resolved": "2.0.3",
        "contentHash": "1WLybAZ2kWOy+n9sgSQoQI512+8xlxddndIjbKo7Qn4qY8VL6kKPZPK2f9dVJ6kTO8ZvwB82cgUvV5OYU4BeGw==",
        "dependencies": {
          "Microsoft.Web.Infrastructure": "1.0.0"
        }
      },
      "snittlistan.queue": {
        "type": "Project",
        "dependencies": {
          "Lindhart.Analyser.MissingAwaitWarning": "[2.0.0, )",
          "Microsoft.AspNet.WebApi.Client": "[6.0.0, )",
          "MvcContrib": "[2.0.95, )",
          "NLog": "[6.0.7, )",
          "Newtonsoft.Json": "[13.0.4, )"
        }
      },
      "snittlistan.web": {
        "type": "Project",
        "dependencies": {
          "AsyncFriendlyStackTrace": "[1.7.0, )",
          "Castle.Core": "[5.2.1, )",
          "Castle.Core-NLog": "[5.2.1, )",
          "Castle.Facilities.AspNet.SystemWeb": "[6.0.0, )",
          "Castle.LoggingFacility": "[6.0.0, )",
          "Castle.Windsor": "[6.0.0, )",
          "Elmah.MVC": "[2.1.2, )",
          "EntityFramework6.Npgsql": "[6.4.3, )",
          "Microsoft.AspNet.Mvc": "[5.3.0, )",
          "Microsoft.AspNet.WebApi": "[5.3.0, )",
          "Microsoft.AspNet.WebApi.Client": "[6.0.0, )",
          "Microsoft.CodeDom.Providers.DotNetCompilerPlatform": "[4.1.0, )",
          "Microsoft.Web.Infrastructure": "[2.0.0, )",
          "Mvc3Futures": "[3.0.20105, )",
          "NLog": "[6.0.7, )",
          "Newtonsoft.Json": "[13.0.4, )",
          "PDFsharp": "[6.2.3, )",
          "Postal.Mvc5": "[1.2.0, )",
          "RavenDB.Client": "[7.1.4, 7.1.4]",
          "RavenDB.Database": "[3.5.9, 3.5.9]",
          "RavenDB.Embedded": "[7.1.5, 7.1.5]",
          "RazorGenerator.Mvc": "[2.4.9, )",
          "Rotativa": "[1.7.4-rc, )",
          "Snittlistan.Queue": "[1.0.0, )"
        }
      }
    }
  }
}