{
  "version": 1,
  "dependencies": {
    ".NETFramework,Version=v4.8": {
      "Ben.Demystifier": {
        "type": "Direct",
        "requested": "[0.4.1, )",
        "resolved": "0.4.1",
        "contentHash": "axFeEMfmEORy3ipAzOXG/lE+KcNptRbei3F0C4kQCdeiQtW+qJW90K5iIovITGrdLt8AjhNCwk5qLSX9/rFpoA==",
        "dependencies": {
          "System.Reflection.Metadata": "5.0.0",
          "System.Threading.Tasks.Extensions": "4.5.4"
        }
      },
      "Castle.Core": {
        "type": "Direct",
        "requested": "[4.4.1, )",
        "resolved": "4.4.1",
        "contentHash": "zanbjWC0Y05gbx4eGXkzVycOQqVOFVeCjVsDSyuao9P4mtN1w3WxxTo193NGC7j3o2u3AJRswaoC6hEbnGACnQ=="
      },
      "Castle.Windsor": {
        "type": "Direct",
        "requested": "[5.1.1, )",
        "resolved": "5.1.1",
        "contentHash": "m1YCo+V+MHUqJV7+KtXlNYig93tEAnPdPevIHi8hVqV8/ceF82Nqe8vS1ROQ25nweTcxYgkrLHwhvJsH2SFwZA==",
        "dependencies": {
          "Castle.Core": "4.4.1"
        }
      },
      "Lindhart.Analyser.MissingAwaitWarning": {
        "type": "Direct",
        "requested": "[2.0.0, )",
        "resolved": "2.0.0",
        "contentHash": "HpFBjmWLrGO/ysm9/npeReYFKUV8fwDGI09qNazNV7/p4k29VTOrmrHkbZkQFao0tXvl6Zt0cd+VXlcfoGVnoA=="
      },
      "Microsoft.AspNet.Mvc": {
        "type": "Direct",
        "requested": "[5.2.8, )",
        "resolved": "5.2.8",
        "contentHash": "LDpC42O51MIVQht4aHEC/Nq6bpRiM+Z2jtZT2KkugB6dIJqMbvW9E74CxiBeJjRWDJGFOUq2Fzuo+THil0TIbg==",
        "dependencies": {
          "Microsoft.AspNet.Razor": "[3.2.8, 3.3.0)",
          "Microsoft.AspNet.WebPages": "[3.2.8, 3.3.0)"
        }
      },
      "Microsoft.AspNet.WebApi.Client": {
        "type": "Direct",
        "requested": "[5.2.8, )",
        "resolved": "5.2.8",
        "contentHash": "dkGLm30CxLieMlUO+oQpJw77rDs0IIx/w3lIHsp+8X94HXCsUfLYuFmlZPsQDItC0O2l1ZlWeKLkZX7ZiNRekw==",
        "dependencies": {
          "Newtonsoft.Json": "6.0.4"
        }
      },
      "Microsoft.AspNet.WebApi.Core": {
        "type": "Direct",
        "requested": "[5.2.8, )",
        "resolved": "5.2.8",
        "contentHash": "AQ2Mmo2IEALj16Flk9L53Wl0WZ0QgeC5GPNe7G13e1E+GdbjIdewYeU7Y7EtGe921srIneGIsrlehMVFib4xiw==",
        "dependencies": {
          "Microsoft.AspNet.WebApi.Client": "5.2.8"
        }
      },
      "Microsoft.Net.Http": {
        "type": "Direct",
        "requested": "[2.2.29, )",
        "resolved": "2.2.29",
        "contentHash": "fc4CPEewJ30Xgal+fSq1lYIBt582A7eKlAL7O4HXiYAiTp2VTnA4osSvk7T2n8aS4xTCPVJusQk3yKLT0XSpkg==",
        "dependencies": {
          "Microsoft.Bcl": "1.1.10",
          "Microsoft.Bcl.Build": "1.0.14"
        }
      },
      "Moq": {
        "type": "Direct",
        "requested": "[4.17.2, )",
        "resolved": "4.17.2",
        "contentHash": "HytUPJ3/uks2UgJ9hIcyXm3YxpFAR4OJzbQwTHltbKGun3lFLhEHs97hiiPj1dY8jV/kasXeihTzDxct6Zf3iQ==",
        "dependencies": {
          "Castle.Core": "4.4.1",
          "System.Threading.Tasks.Extensions": "4.5.4"
        }
      },
      "Newtonsoft.Json": {
        "type": "Direct",
        "requested": "[13.0.1, )",
        "resolved": "13.0.1",
        "contentHash": "ppPFpBcvxdsfUonNcvITKqLl3bqxWbDCZIzDWHzjpdAHRFfZe0Dw9HmA0+za13IdyrgJwpkDTDA9fHaxOrt20A=="
      },
      "NLog": {
        "type": "Direct",
        "requested": "[4.7.15, )",
        "resolved": "4.7.15",
        "contentHash": "vXMmsK17hXnMsKd8BdCrJzvb8JMT0+cPgBGRfnqcXIb6y8b6RMIZexO4hMhQgifcTHgU7dbubvCR5A5wX6Ne+A=="
      },
      "NUnit": {
        "type": "Direct",
        "requested": "[3.13.3, )",
        "resolved": "3.13.3",
        "contentHash": "KNPDpls6EfHwC3+nnA67fh5wpxeLb3VLFAfLxrug6JMYDLHH6InaQIWR7Sc3y75d/9IKzMksH/gi08W7XWbmnQ=="
      },
      "NUnit.ConsoleRunner": {
        "type": "Direct",
        "requested": "[3.15.0, )",
        "resolved": "3.15.0",
        "contentHash": "YZ/O+QzWxkvq1LV6fIa73w5bh4qg187jFcEhI0t0WF0X2YyYNPCxJvvHtfDcNKvJnj+TTjPssIcgsZnHw31bKg=="
      },
      "NUnit3TestAdapter": {
        "type": "Direct",
        "requested": "[4.2.1, )",
        "resolved": "4.2.1",
        "contentHash": "kgH8VKsrcZZgNGQXRpVCrM7TnNz9li3b/snH+YmnXUNqsaWa1Xw9EQWHpbzq4Li2FbTjTE/E5N5HdLNXzZ8BpQ=="
      },
      "AsyncFriendlyStackTrace": {
        "type": "Transitive",
        "resolved": "1.6.0",
        "contentHash": "VU/VsVqGt2FQIb8wSdkR8OWSupX6Uod91bQLR9/pd+sCl7sEZWu9EoJu2+TeKxVT/7vZe6p4T7Lxw4U1Z/zP6w=="
      },
      "Castle.Core-NLog": {
        "type": "Transitive",
        "resolved": "4.4.1",
        "contentHash": "5nyAkQ+Akl+s9fucvwg3fYACIiMCnO8LvzRut9I8W77gojCEha3wz1iTEPvE3ehcPQDkwDDQblVmvSv0kHRKkg==",
        "dependencies": {
          "Castle.Core": "[4.4.1]",
          "NLog": "4.5.0"
        }
      },
      "Castle.Facilities.AspNet.SystemWeb": {
        "type": "Transitive",
        "resolved": "5.1.2",
        "contentHash": "Nz2DBexo1jBy4j/LLKAMCJrveEmj0W3xTHD4/RIV03poh2xrFoEgNpNbWQ6C/8oZE6CpU1snYgDuUTEWrhKlrQ==",
        "dependencies": {
          "Castle.Windsor": "[5.1.2]",
          "Microsoft.Web.Infrastructure": "1.0.0"
        }
      },
      "Castle.LoggingFacility": {
        "type": "Transitive",
        "resolved": "5.1.1",
        "contentHash": "bNVitNOxpQTPkjAs1AtxFhIdXBUndcqjC/nhKRW8ofOuwbPgVtKrGFaSLLLleYNW5F+Whj+s9TIWgmj2WxqwWw==",
        "dependencies": {
          "Castle.Windsor": "[5.1.1]"
        }
      },
      "elmah.corelibrary": {
        "type": "Transitive",
        "resolved": "1.2.0",
        "contentHash": "67j0s7bQTGlvW8Ab97O8JFh2JgtdiiJEZ8O3PG7DPoUK9wx0ycshJ9Hf+BiZSF41hsvtdfGwKuQfvY/E/Kdtig=="
      },
      "Elmah.Mvc": {
        "type": "Transitive",
        "resolved": "2.1.2",
        "contentHash": "GUgdgrnoPOplQGaE4OAKex0Qb4cXHwjSiDXSNK+RyIUZdHhC6PHs4V/t1YJFFQ5cVi6AB+FK4IaVCvc6NpiDuw==",
        "dependencies": {
          "elmah.corelibrary": "1.2.0"
        }
      },
      "EntityFramework": {
        "type": "Transitive",
        "resolved": "6.4.0",
        "contentHash": "7jDmcQ3jaN5G7ZJC7Ecq161zQBs/5LqRzBdZ/I4XfmSvOwteGgNjOi30kthFador4Qjo3qUU6iOB1H04GIXrpg=="
      },
      "EntityFramework6.Npgsql": {
        "type": "Transitive",
        "resolved": "6.4.3",
        "contentHash": "iZnc+FlaBaK97zGHR0KS0bnwKQ2gWPpaOoSYNHfjLZ4lr4UEPRFQnh/bpW9Q50ZbNNbDRCs+W12QyVn+sKsSwA==",
        "dependencies": {
          "EntityFramework": "6.4.0",
          "Npgsql": "4.1.3"
        }
      },
      "Microsoft.AspNet.Razor": {
        "type": "Transitive",
        "resolved": "3.2.8",
        "contentHash": "kbWyeKmtRKhaAdutZdTwy60C2YoMw6JykV7qL+idvAo19VvcOzBZyiBFGQnmSbzOf/qoznvrWjPJi6+oOsS0Vw=="
      },
      "Microsoft.AspNet.WebApi": {
        "type": "Transitive",
        "resolved": "5.2.8",
        "contentHash": "+Ebj4vk0F9H2Atomk21NvHnmkbgG+m21xMJxrkqNLnTHKXfy4ORw2IBQY4fNEWZx1JPaApmZojz41oiK5Lg6UQ==",
        "dependencies": {
          "Microsoft.AspNet.WebApi.WebHost": "[5.2.8, 5.3.0)"
        }
      },
      "Microsoft.AspNet.WebApi.WebHost": {
        "type": "Transitive",
        "resolved": "5.2.8",
        "contentHash": "fqhWX+H2KR1cqJYs8qZ72AkPzw1XdFHBpliP9d182VSxoJQN/Wzm7Yn0lekhYxCli9BZj5sZc+UgvAqA7B+gNg==",
        "dependencies": {
          "Microsoft.AspNet.WebApi.Core": "[5.2.8, 5.3.0)"
        }
      },
      "Microsoft.AspNet.WebPages": {
        "type": "Transitive",
        "resolved": "3.2.8",
        "contentHash": "uPscsoHcoYUOLyitrnxsK5Ch1MMemvthnmItJCdzWeDQKGtE3pgki5CS+AiYrzIc0tP6AgwBD+xox2lp+7Z5WA==",
        "dependencies": {
          "Microsoft.AspNet.Razor": "[3.2.8, 3.3.0)",
          "Microsoft.Web.Infrastructure": "1.0.0"
        }
      },
      "Microsoft.Bcl": {
        "type": "Transitive",
        "resolved": "1.1.10",
        "contentHash": "+tTqoh/M1pyL8El3qLy30EcwnAtyvFoDZJtdG9Cbg/WdFbh4N8kyrq198XHuEL7lnJbeD0DRO8jcX5IIOh05cQ==",
        "dependencies": {
          "Microsoft.Bcl.Build": "1.0.14"
        }
      },
      "Microsoft.Bcl.AsyncInterfaces": {
        "type": "Transitive",
        "resolved": "1.0.0",
        "contentHash": "K63Y4hORbBcKLWH5wnKgzyn7TOfYzevIEwIedQHBIkmkEBA9SCqgvom+XTuE+fAFGvINGkhFItaZ2dvMGdT5iw==",
        "dependencies": {
          "System.Threading.Tasks.Extensions": "4.5.2"
        }
      },
      "Microsoft.Bcl.Build": {
        "type": "Transitive",
        "resolved": "1.0.14",
        "contentHash": "cDLKSvNvRa519hplsbSoYqO69TjdDIhfjtKUM0g20/nVROoWsGav9KCI9HtnGjLmdV1+TcUUDhbotcllibjPEA=="
      },
      "Microsoft.CodeDom.Providers.DotNetCompilerPlatform": {
        "type": "Transitive",
        "resolved": "3.6.0",
        "contentHash": "Wxo1vjgqJDawdtSBYegfe7fqUfdKn5vMtAMgHHxjV5rW9rSyQZMQ5t0YTCxyQ/IUyAOoUkrHMVXNLCdqAtH72w=="
      },
      "Microsoft.Web.Infrastructure": {
        "type": "Transitive",
        "resolved": "2.0.0",
        "contentHash": "NA6F00drSYd4HZk7QcyMRz1EEdZQQpcdnt6DfNiurNcUNsmmRDpz9db2Bc3L3Lgo455BOSwNDuNjbhDLltKGKQ=="
      },
      "MicrosoftWebMvc": {
        "type": "Transitive",
        "resolved": "2.0.0",
        "contentHash": "WHtS0VfGs4f+YYUdd3fJVCrOPyR4xY8a4aGG4vfAXdRqyZ8pzatbwzbH4l+bdo7W5O50j/lO0Vt3relZJQQ8bw==",
        "dependencies": {
          "Mvc2Futures": "2.0.50217"
        }
      },
      "Mvc2Futures": {
        "type": "Transitive",
        "resolved": "2.0.50217",
        "contentHash": "90ilYxgj4s82mfgVegs6NujfBw5zbR49SlIWW/vtjRXu6Trdi9W1xh/LlHu6or47IeBI2AhGKsqnfm7HFCBBlA=="
      },
      "Mvc3Futures": {
        "type": "Transitive",
        "resolved": "3.0.20105",
        "contentHash": "0xSk2mTvChv4tJCI/o9Vy81xAyWctrF2t83NXTBxLKAC317vhYrwAN+SrpRWFI1dHzXziuh34eltDL1V7CjfRA=="
      },
      "MvcContrib": {
        "type": "Transitive",
        "resolved": "2.0.95",
        "contentHash": "+vqMMmiGbn+rdFBGEo691A3aZr7OHUp3doXghpizilqbIYhZk49bnEI8hoZV4Apm/9tVx9epj1EbgCAK99W3+Q==",
        "dependencies": {
          "MicrosoftWebMvc": "2.0.0"
        }
      },
      "Npgsql": {
        "type": "Transitive",
        "resolved": "4.1.3",
        "contentHash": "sWTXCb6WPPO7WEw4+1XoRqE49EdWmuyMA15LVbzV6jZgRxYWK8TbdniWMjguzmAgOZVYTmrCf+jsqPYoSqACvA==",
        "dependencies": {
          "System.Memory": "4.5.3",
          "System.Runtime.CompilerServices.Unsafe": "4.6.0",
          "System.Text.Json": "4.6.0",
          "System.Threading.Tasks.Extensions": "4.5.3",
          "System.ValueTuple": "4.5.0"
        }
      },
      "PDFsharp": {
        "type": "Transitive",
        "resolved": "1.50.5147",
        "contentHash": "vr5KBIqcXu2hqZ43UTwPR+jqHgMrT5tsPtJvEF+mORKoBNMh3bRWgAwic0U1sT2IVb4PR5m0GyQxnmCz8jBHWg=="
      },
      "Postal.Mvc5": {
        "type": "Transitive",
        "resolved": "1.2.0",
        "contentHash": "le4HMYmokyyVHOlnRoqKhkO/oCr+3wmO4nDdve59EXREkNagkaIy7jsNs5aSDHV3obT/hS8X7SJLHBzt8hAAMg==",
        "dependencies": {
          "Microsoft.AspNet.Mvc": "5.1.2",
          "RazorEngine": "3.4.1"
        }
      },
      "RavenDB.Client": {
        "type": "Transitive",
        "resolved": "3.5.9",
        "contentHash": "SQBVQGWBAL4Y/2wVVU9u5pQ73mGL3oSn5RK0sOcma4jvRGOYYHRuYA/VFIeKWVq5DTw4lqnUz7HU433ZBsE2Ig=="
      },
      "RavenDB.Database": {
        "type": "Transitive",
        "resolved": "3.5.9",
        "contentHash": "lfO3aRYbeh1ITNYM+OOXs9F0144PnSHCIG+0ki7ZLuapaRdM8qw8Y3Szdpbz1FH4Gqvr67keCdxSeKH+X4Um3w==",
        "dependencies": {
          "RavenDB.Client": "[3.5.9]"
        }
      },
      "RavenDB.Embedded": {
        "type": "Transitive",
        "resolved": "3.5.9",
        "contentHash": "3kCRWsHj4QlwbiJq+u37fwZegCGe0N+ERkQjOb6m8Eb1PlTtm9TuiZvDZN3gELzRktXd+ChHZ00icQoyFyR6vA==",
        "dependencies": {
          "RavenDB.Database": "[3.5.9]"
        }
      },
      "RazorEngine": {
        "type": "Transitive",
        "resolved": "3.4.1",
        "contentHash": "9e/X1RPpru2ipBXE5K90XFLyeB29hWMS0hU73WoTx1T3+JhxU6RgViJqLx76roPZPNVWOVp6qGUclsP30TjFWw==",
        "dependencies": {
          "Microsoft.AspNet.Razor": "3.0.0"
        }
      },
      "RazorGenerator.Mvc": {
        "type": "Transitive",
        "resolved": "2.4.9",
        "contentHash": "RlCzv0B5Crt1WlQQq8l0RPUa/5onncrbCndNsEi8wd5nXtJEssTHI/dToFEC/SwHKYiwzGP22UXTjE7GCWqejw==",
        "dependencies": {
          "Microsoft.AspNet.Mvc": "3.0.50813.1",
          "WebActivatorEx": "2.0.3"
        }
      },
      "Rotativa": {
        "type": "Transitive",
        "resolved": "1.7.4-rc",
        "contentHash": "+jyhCFD/lXbI140O9GgMKk/3D9iEUyBuNnGl91XLpMoiJycJypCDGArH2u3f8zteNLNjmI7/xRGza22L3xpbrw==",
        "dependencies": {
          "Microsoft.AspNet.Mvc": "5.2.3"
        }
      },
      "System.Buffers": {
        "type": "Transitive",
        "resolved": "4.5.1",
        "contentHash": "Rw7ijyl1qqRS0YQD/WycNst8hUUMgrMH4FCn1nNm27M4VxchZ1js3fVjQaANHO5f3sN4isvP4a+Met9Y4YomAg=="
      },
      "System.Collections.Immutable": {
        "type": "Transitive",
        "resolved": "5.0.0",
        "contentHash": "FXkLXiK0sVVewcso0imKQoOxjoPAj42R8HtjjbSjVPAzwDfzoyoznWxgA3c38LDbN9SJux1xXoXYAhz98j7r2g==",
        "dependencies": {
          "System.Memory": "4.5.4"
        }
      },
      "System.Memory": {
        "type": "Transitive",
        "resolved": "4.5.4",
        "contentHash": "1MbJTHS1lZ4bS4FmsJjnuGJOu88ZzTT2rLvrhW7Ygic+pC0NWA+3hgAen0HRdsocuQXCkUTdFn9yHJJhsijDXw==",
        "dependencies": {
          "System.Buffers": "4.5.1",
          "System.Numerics.Vectors": "4.5.0",
          "System.Runtime.CompilerServices.Unsafe": "4.5.3"
        }
      },
      "System.Numerics.Vectors": {
        "type": "Transitive",
        "resolved": "4.5.0",
        "contentHash": "QQTlPTl06J/iiDbJCiepZ4H//BVraReU4O4EoRw1U02H5TLUIT7xn3GnDp9AXPSlJUDyFs4uWjWafNX6WrAojQ=="
      },
      "System.Reflection.Metadata": {
        "type": "Transitive",
        "resolved": "5.0.0",
        "contentHash": "5NecZgXktdGg34rh1OenY1rFNDCI8xSjFr+Z4OU4cU06AQHUdRnIIEeWENu3Wl4YowbzkymAIMvi3WyK9U53pQ==",
        "dependencies": {
          "System.Collections.Immutable": "5.0.0"
        }
      },
      "System.Runtime.CompilerServices.Unsafe": {
        "type": "Transitive",
        "resolved": "4.6.0",
        "contentHash": "HxozeSlipUK7dAroTYwIcGwKDeOVpQnJlpVaOkBz7CM4TsE5b/tKlQBZecTjh6FzcSbxndYaxxpsBMz+wMJeyw=="
      },
      "System.Text.Encodings.Web": {
        "type": "Transitive",
        "resolved": "4.6.0",
        "contentHash": "BXgFO8Yi7ao7hVA/nklD0Hre1Bbce048ZqryGZVFifGNPuh+2jqF1i/jLJLMfFGZIzUOw+nCIeH24SQhghDSPw==",
        "dependencies": {
          "System.Memory": "4.5.3"
        }
      },
      "System.Text.Json": {
        "type": "Transitive",
        "resolved": "4.6.0",
        "contentHash": "4F8Xe+JIkVoDJ8hDAZ7HqLkjctN/6WItJIzQaifBwClC7wmoLSda/Sv2i6i1kycqDb3hWF4JCVbpAweyOKHEUA==",
        "dependencies": {
          "Microsoft.Bcl.AsyncInterfaces": "1.0.0",
          "System.Buffers": "4.5.0",
          "System.Memory": "4.5.3",
          "System.Numerics.Vectors": "4.5.0",
          "System.Runtime.CompilerServices.Unsafe": "4.6.0",
          "System.Text.Encodings.Web": "4.6.0",
          "System.Threading.Tasks.Extensions": "4.5.2",
          "System.ValueTuple": "4.5.0"
        }
      },
      "System.Threading.Tasks.Extensions": {
        "type": "Transitive",
        "resolved": "4.5.4",
        "contentHash": "zteT+G8xuGu6mS+mzDzYXbzS7rd3K6Fjb9RiZlYlJPam2/hU7JCBZBVEcywNuR+oZ1ncTvc/cq0faRr3P01OVg==",
        "dependencies": {
          "System.Runtime.CompilerServices.Unsafe": "4.5.3"
        }
      },
      "System.ValueTuple": {
        "type": "Transitive",
        "resolved": "4.5.0",
        "contentHash": "okurQJO6NRE/apDIP23ajJ0hpiNmJ+f0BwOlB/cSqTLQlw5upkf+5+96+iG2Jw40G1fCVCyPz/FhIABUjMR+RQ=="
      },
      "WebActivatorEx": {
        "type": "Transitive",
        "resolved": "2.0.3",
        "contentHash": "1WLybAZ2kWOy+n9sgSQoQI512+8xlxddndIjbKo7Qn4qY8VL6kKPZPK2f9dVJ6kTO8ZvwB82cgUvV5OYU4BeGw==",
        "dependencies": {
          "Microsoft.Web.Infrastructure": "1.0.0"
        }
      },
      "snittlistan.queue": {
        "type": "Project",
        "dependencies": {
          "Lindhart.Analyser.MissingAwaitWarning": "[2.0.0, )",
          "Microsoft.AspNet.WebApi.Client": "[5.2.8, )",
          "MvcContrib": "[2.0.95, )",
          "NLog": "[4.7.14, )",
          "Newtonsoft.Json": "[13.0.1, )"
        }
      },
      "snittlistan.web": {
        "type": "Project",
        "dependencies": {
          "AsyncFriendlyStackTrace": "[1.6.0, )",
          "Castle.Core": "[4.4.1, )",
          "Castle.Core-NLog": "[4.4.1, )",
          "Castle.Facilities.AspNet.SystemWeb": "[5.1.2, )",
          "Castle.LoggingFacility": "[5.1.1, )",
          "Castle.Windsor": "[5.1.1, )",
          "Elmah.MVC": "[2.1.2, )",
          "EntityFramework6.Npgsql": "[6.4.3, )",
          "Microsoft.AspNet.Mvc": "[5.2.8, )",
          "Microsoft.AspNet.WebApi": "[5.2.8, )",
          "Microsoft.AspNet.WebApi.Client": "[5.2.8, )",
          "Microsoft.CodeDom.Providers.DotNetCompilerPlatform": "[3.6.0, )",
          "Microsoft.Web.Infrastructure": "[2.0.0, )",
          "Mvc3Futures": "[3.0.20105, )",
          "NLog": "[4.7.15, )",
          "Newtonsoft.Json": "[13.0.1, )",
          "PDFsharp": "[1.50.5147, )",
          "Postal.Mvc5": "[1.2.0, )",
          "RavenDB.Client": "[3.5.9, )",
          "RavenDB.Database": "[3.5.9, )",
          "RavenDB.Embedded": "[3.5.9, )",
          "RazorGenerator.Mvc": "[2.4.9, )",
          "Rotativa": "[1.7.4-rc, )",
          "Snittlistan.Queue": "[1.0.0, )"
        }
      }
    }
  }
}