
Microsoft Visual Studio Solution File, Format Version 12.00
# Visual Studio Version 16
VisualStudioVersion = 16.0.809.2
MinimumVisualStudioVersion = 10.0.40219.1
Project("{F2A71F9B-5D33-465A-A702-920D77279786}") = "Tool", "Tool.fsproj", "{71E75F12-DE11-41EA-B1DA-1A76D02EDACE}"
EndProject
Global
	GlobalSection(SolutionConfigurationPlatforms) = preSolution
		Debug|Any CPU = Debug|Any CPU
		Release|Any CPU = Release|Any CPU
	EndGlobalSection
	GlobalSection(ProjectConfigurationPlatforms) = postSolution
		{71E75F12-DE11-41EA-B1DA-1A76D02EDACE}.Debug|Any CPU.ActiveCfg = Debug|Any CPU
		{71E75F12-DE11-41EA-B1DA-1A76D02EDACE}.Debug|Any CPU.Build.0 = Debug|Any CPU
		{71E75F12-DE11-41EA-B1DA-1A76D02EDACE}.Release|Any CPU.ActiveCfg = Release|Any CPU
		{71E75F12-DE11-41EA-B1DA-1A76D02EDACE}.Release|Any CPU.Build.0 = Release|Any CPU
	EndGlobalSection
	GlobalSection(SolutionProperties) = preSolution
		HideSolutionNode = FALSE
	EndGlobalSection
	GlobalSection(ExtensibilityGlobals) = postSolution
		SolutionGuid = {F8B5BE1D-D4BC-41B0-8EEA-0D7A599691F2}
	EndGlobalSection
EndGlobal
