{
  "version": 1,
  "dependencies": {
    ".NETFramework,Version=v4.8": {
      "Lindhart.Analyser.MissingAwaitWarning": {
        "type": "Direct",
        "requested": "[2.0.0, )",
        "resolved": "2.0.0",
        "contentHash": "HpFBjmWLrGO/ysm9/npeReYFKUV8fwDGI09qNazNV7/p4k29VTOrmrHkbZkQFao0tXvl6Zt0cd+VXlcfoGVnoA=="
      },
      "Microsoft.AspNet.WebApi.Client": {
        "type": "Direct",
        "requested": "[5.2.8, )",
        "resolved": "5.2.8",
        "contentHash": "dkGLm30CxLieMlUO+oQpJw77rDs0IIx/w3lIHsp+8X94HXCsUfLYuFmlZPsQDItC0O2l1ZlWeKLkZX7ZiNRekw==",
        "dependencies": {
          "Newtonsoft.Json": "6.0.4"
        }
      },
      "MvcContrib": {
        "type": "Direct",
        "requested": "[2.0.95, )",
        "resolved": "2.0.95",
        "contentHash": "+vqMMmiGbn+rdFBGEo691A3aZr7OHUp3doXghpizilqbIYhZk49bnEI8hoZV4Apm/9tVx9epj1EbgCAK99W3+Q==",
        "dependencies": {
          "MicrosoftWebMvc": "2.0.0"
        }
      },
      "Newtonsoft.Json": {
        "type": "Direct",
        "requested": "[13.0.3, )",
        "resolved": "13.0.3",
        "contentHash": "HrC5BXdl00IP9zeV+0Z848QWPAoCr9P3bDEZguI+gkLcBKAOxix/tLEAAHC+UvDNPv4a2d18lOReHMOagPa+zQ=="
      },
      "NLog": {
        "type": "Direct",
        "requested": "[4.7.14, )",
        "resolved": "4.7.14",
        "contentHash": "R1Nn+Zi2mSiKf82zII+8ZhGTr66CmCDLlpDq/0N0Y22TDrioYeP6t3XWzJVTi3OXaHJ/jiXId/okXQu8e0g3uw=="
      },
      "MicrosoftWebMvc": {
        "type": "Transitive",
        "resolved": "2.0.0",
        "contentHash": "WHtS0VfGs4f+YYUdd3fJVCrOPyR4xY8a4aGG4vfAXdRqyZ8pzatbwzbH4l+bdo7W5O50j/lO0Vt3relZJQQ8bw==",
        "dependencies": {
          "Mvc2Futures": "2.0.50217"
        }
      },
      "Mvc2Futures": {
        "type": "Transitive",
        "resolved": "2.0.50217",
        "contentHash": "90ilYxgj4s82mfgVegs6NujfBw5zbR49SlIWW/vtjRXu6Trdi9W1xh/LlHu6or47IeBI2AhGKsqnfm7HFCBBlA=="
      }
    }
  }
}