{
  "version": 1,
  "dependencies": {
    ".NETFramework,Version=v4.8": {
      "Castle.Core": {
        "type": "Direct",
        "requested": "[4.4.1, )",
        "resolved": "4.4.1",
        "contentHash": "zanbjWC0Y05gbx4eGXkzVycOQqVOFVeCjVsDSyuao9P4mtN1w3WxxTo193NGC7j3o2u3AJRswaoC6hEbnGACnQ=="
      },
      "Castle.Windsor": {
        "type": "Direct",
        "requested": "[5.1.1, )",
        "resolved": "5.1.1",
        "contentHash": "m1YCo+V+MHUqJV7+KtXlNYig93tEAnPdPevIHi8hVqV8/ceF82Nqe8vS1ROQ25nweTcxYgkrLHwhvJsH2SFwZA==",
        "dependencies": {
          "Castle.Core": "4.4.1"
        }
      },
      "Lindhart.Analyser.MissingAwaitWarning": {
        "type": "Direct",
        "requested": "[2.0.0, )",
        "resolved": "2.0.0",
        "contentHash": "HpFBjmWLrGO/ysm9/npeReYFKUV8fwDGI09qNazNV7/p4k29VTOrmrHkbZkQFao0tXvl6Zt0cd+VXlcfoGVnoA=="
      },
      "Microsoft.AspNet.WebApi": {
        "type": "Direct",
        "requested": "[5.2.8, )",
        "resolved": "5.2.8",
        "contentHash": "+Ebj4vk0F9H2Atomk21NvHnmkbgG+m21xMJxrkqNLnTHKXfy4ORw2IBQY4fNEWZx1JPaApmZojz41oiK5Lg6UQ==",
        "dependencies": {
          "Microsoft.AspNet.WebApi.WebHost": "[5.2.8, 5.3.0)"
        }
      },
      "Microsoft.AspNet.WebApi.Client": {
        "type": "Direct",
        "requested": "[5.2.8, )",
        "resolved": "5.2.8",
        "contentHash": "dkGLm30CxLieMlUO+oQpJw77rDs0IIx/w3lIHsp+8X94HXCsUfLYuFmlZPsQDItC0O2l1ZlWeKLkZX7ZiNRekw==",
        "dependencies": {
          "Newtonsoft.Json": "6.0.4"
        }
      },
      "Microsoft.Bcl.Build": {
        "type": "Direct",
        "requested": "[1.0.21, )",
        "resolved": "1.0.21",
        "contentHash": "sgHu4mIt0+NVGyI12Bj4hLPypNK55UOH+ologj2LqDCjxq3EbIxe/uAtHjY+fEwbE1dtsAHG8SXHf+V/EYbKTg=="
      },
      "Microsoft.Net.Http": {
        "type": "Direct",
        "requested": "[2.2.29, )",
        "resolved": "2.2.29",
        "contentHash": "fc4CPEewJ30Xgal+fSq1lYIBt582A7eKlAL7O4HXiYAiTp2VTnA4osSvk7T2n8aS4xTCPVJusQk3yKLT0XSpkg==",
        "dependencies": {
          "Microsoft.Bcl": "1.1.10",
          "Microsoft.Bcl.Build": "1.0.14"
        }
      },
      "Newtonsoft.Json": {
        "type": "Direct",
        "requested": "[13.0.1, )",
        "resolved": "13.0.1",
        "contentHash": "ppPFpBcvxdsfUonNcvITKqLl3bqxWbDCZIzDWHzjpdAHRFfZe0Dw9HmA0+za13IdyrgJwpkDTDA9fHaxOrt20A=="
      },
      "NLog": {
        "type": "Direct",
        "requested": "[4.7.15, )",
        "resolved": "4.7.15",
        "contentHash": "vXMmsK17hXnMsKd8BdCrJzvb8JMT0+cPgBGRfnqcXIb6y8b6RMIZexO4hMhQgifcTHgU7dbubvCR5A5wX6Ne+A=="
      },
      "Microsoft.AspNet.WebApi.Core": {
        "type": "Transitive",
        "resolved": "5.2.8",
        "contentHash": "AQ2Mmo2IEALj16Flk9L53Wl0WZ0QgeC5GPNe7G13e1E+GdbjIdewYeU7Y7EtGe921srIneGIsrlehMVFib4xiw==",
        "dependencies": {
          "Microsoft.AspNet.WebApi.Client": "5.2.8"
        }
      },
      "Microsoft.AspNet.WebApi.WebHost": {
        "type": "Transitive",
        "resolved": "5.2.8",
        "contentHash": "fqhWX+H2KR1cqJYs8qZ72AkPzw1XdFHBpliP9d182VSxoJQN/Wzm7Yn0lekhYxCli9BZj5sZc+UgvAqA7B+gNg==",
        "dependencies": {
          "Microsoft.AspNet.WebApi.Core": "[5.2.8, 5.3.0)"
        }
      },
      "Microsoft.Bcl": {
        "type": "Transitive",
        "resolved": "1.1.10",
        "contentHash": "+tTqoh/M1pyL8El3qLy30EcwnAtyvFoDZJtdG9Cbg/WdFbh4N8kyrq198XHuEL7lnJbeD0DRO8jcX5IIOh05cQ==",
        "dependencies": {
          "Microsoft.Bcl.Build": "1.0.14"
        }
      },
      "MicrosoftWebMvc": {
        "type": "Transitive",
        "resolved": "2.0.0",
        "contentHash": "WHtS0VfGs4f+YYUdd3fJVCrOPyR4xY8a4aGG4vfAXdRqyZ8pzatbwzbH4l+bdo7W5O50j/lO0Vt3relZJQQ8bw==",
        "dependencies": {
          "Mvc2Futures": "2.0.50217"
        }
      },
      "Mvc2Futures": {
        "type": "Transitive",
        "resolved": "2.0.50217",
        "contentHash": "90ilYxgj4s82mfgVegs6NujfBw5zbR49SlIWW/vtjRXu6Trdi9W1xh/LlHu6or47IeBI2AhGKsqnfm7HFCBBlA=="
      },
      "MvcContrib": {
        "type": "Transitive",
        "resolved": "2.0.95",
        "contentHash": "+vqMMmiGbn+rdFBGEo691A3aZr7OHUp3doXghpizilqbIYhZk49bnEI8hoZV4Apm/9tVx9epj1EbgCAK99W3+Q==",
        "dependencies": {
          "MicrosoftWebMvc": "2.0.0"
        }
      },
      "snittlistan.queue": {
        "type": "Project",
        "dependencies": {
          "Lindhart.Analyser.MissingAwaitWarning": "2.0.0",
          "Microsoft.AspNet.WebApi.Client": "5.2.8",
          "MvcContrib": "2.0.95",
          "NLog": "4.7.14",
          "Newtonsoft.Json": "13.0.1"
        }
      }
    },
    ".NETFramework,Version=v4.8/win": {},
    ".NETFramework,Version=v4.8/win-x64": {},
    ".NETFramework,Version=v4.8/win-x86": {}
  }
}